
Microsoft Visual Studio Solution File, Format Version 12.00
# Visual Studio Version 17
VisualStudioVersion = 17.2.32630.192
MinimumVisualStudioVersion = 10.0.40219.1
Project("{9A19103F-16F7-4668-BE54-9A1E7A4F7556}") = "justch", "justch\justch.csproj", "{ACB4155F-E494-465A-B7B1-687547C4A332}"
EndProject
Project("{FAE04EC0-301F-11D3-BF4B-00C04F79EFBC}") = "Test", "Test\Test.csproj", "{34661F04-9B7C-48EA-9C23-6E8999AB4A51}"
EndProject
Global
	GlobalSection(SolutionConfigurationPlatforms) = preSolution
		Debug|Any CPU = Debug|Any CPU
		Release|Any CPU = Release|Any CPU
	EndGlobalSection
	GlobalSection(ProjectConfigurationPlatforms) = postSolution
		{ACB4155F-E494-465A-B7B1-687547C4A332}.Debug|Any CPU.ActiveCfg = Debug|Any CPU
		{ACB4155F-E494-465A-B7B1-687547C4A332}.Debug|Any CPU.Build.0 = Debug|Any CPU
		{ACB4155F-E494-465A-B7B1-687547C4A332}.Release|Any CPU.ActiveCfg = Release|Any CPU
		{ACB4155F-E494-465A-B7B1-687547C4A332}.Release|Any CPU.Build.0 = Release|Any CPU
		{34661F04-9B7C-48EA-9C23-6E8999AB4A51}.Debug|Any CPU.ActiveCfg = Debug|Any CPU
		{34661F04-9B7C-48EA-9C23-6E8999AB4A51}.Debug|Any CPU.Build.0 = Debug|Any CPU
		{34661F04-9B7C-48EA-9C23-6E8999AB4A51}.Release|Any CPU.ActiveCfg = Release|Any CPU
		{34661F04-9B7C-48EA-9C23-6E8999AB4A51}.Release|Any CPU.Build.0 = Release|Any CPU
	EndGlobalSection
	GlobalSection(SolutionProperties) = preSolution
		HideSolutionNode = FALSE
	EndGlobalSection
	GlobalSection(ExtensibilityGlobals) = postSolution
		SolutionGuid = {8FC98AF4-444F-4DA4-B190-417D61B7D055}
	EndGlobalSection
EndGlobal
